
Microsoft Visual Studio Solution File, Format Version 12.00
# Visual Studio Version 16
VisualStudioVersion = 16.0.29020.237
MinimumVisualStudioVersion = 10.0.40219.1
Project("{FAE04EC0-301F-11D3-BF4B-00C04F79EFBC}") = "GameCaro", "GameCaro\GameCaro.csproj", "{079A8A06-11AE-408A-9DF5-CCD2777E21F0}"
EndProject
Global
	GlobalSection(SolutionConfigurationPlatforms) = preSolution
		Debug|Any CPU = Debug|Any CPU
		Release|Any CPU = Release|Any CPU
	EndGlobalSection
	GlobalSection(ProjectConfigurationPlatforms) = postSolution
		{079A8A06-11AE-408A-9DF5-CCD2777E21F0}.Debug|Any CPU.ActiveCfg = Debug|Any CPU
		{079A8A06-11AE-408A-9DF5-CCD2777E21F0}.Debug|Any CPU.Build.0 = Debug|Any CPU
		{079A8A06-11AE-408A-9DF5-CCD2777E21F0}.Release|Any CPU.ActiveCfg = Release|Any CPU
		{079A8A06-11AE-408A-9DF5-CCD2777E21F0}.Release|Any CPU.Build.0 = Release|Any CPU
	EndGlobalSection
	GlobalSection(SolutionProperties) = preSolution
		HideSolutionNode = FALSE
	EndGlobalSection
	GlobalSection(ExtensibilityGlobals) = postSolution
		SolutionGuid = {F8FA7A17-DEB1-4641-A65C-1C7AA7AE8850}
	EndGlobalSection
EndGlobal
